
Microsoft Visual Studio Solution File, Format Version 12.00
# Visual Studio Version 17
VisualStudioVersion = 17.13.35919.96
MinimumVisualStudioVersion = 10.0.40219.1
Project("{FAE04EC0-301F-11D3-BF4B-00C04F79EFBC}") = "HiFive.Domain", "HiFive.Domain\HiFive.Domain.csproj", "{A9E32364-2125-4064-B591-DB17BE108294}"
EndProject
Project("{FAE04EC0-301F-11D3-BF4B-00C04F79EFBC}") = "HiFive.Application", "HiFive.Application\HiFive.Application.csproj", "{5C13E536-145C-4A90-8913-AC294D81801D}"
EndProject
Project("{FAE04EC0-301F-11D3-BF4B-00C04F79EFBC}") = "HiFive.Infrastructure", "HiFive.Infrastructure\HiFive.Infrastructure.csproj", "{1842BD23-64E7-47D2-ABCB-F8739677BA02}"
EndProject
Global
	GlobalSection(SolutionConfigurationPlatforms) = preSolution
		Debug|Any CPU = Debug|Any CPU
		Release|Any CPU = Release|Any CPU
	EndGlobalSection
	GlobalSection(ProjectConfigurationPlatforms) = postSolution
		{A9E32364-2125-4064-B591-DB17BE108294}.Debug|Any CPU.ActiveCfg = Debug|Any CPU
		{A9E32364-2125-4064-B591-DB17BE108294}.Debug|Any CPU.Build.0 = Debug|Any CPU
		{A9E32364-2125-4064-B591-DB17BE108294}.Release|Any CPU.ActiveCfg = Release|Any CPU
		{A9E32364-2125-4064-B591-DB17BE108294}.Release|Any CPU.Build.0 = Release|Any CPU
		{5C13E536-145C-4A90-8913-AC294D81801D}.Debug|Any CPU.ActiveCfg = Debug|Any CPU
		{5C13E536-145C-4A90-8913-AC294D81801D}.Debug|Any CPU.Build.0 = Debug|Any CPU
		{5C13E536-145C-4A90-8913-AC294D81801D}.Release|Any CPU.ActiveCfg = Release|Any CPU
		{5C13E536-145C-4A90-8913-AC294D81801D}.Release|Any CPU.Build.0 = Release|Any CPU
		{1842BD23-64E7-47D2-ABCB-F8739677BA02}.Debug|Any CPU.ActiveCfg = Debug|Any CPU
		{1842BD23-64E7-47D2-ABCB-F8739677BA02}.Debug|Any CPU.Build.0 = Debug|Any CPU
		{1842BD23-64E7-47D2-ABCB-F8739677BA02}.Release|Any CPU.ActiveCfg = Release|Any CPU
		{1842BD23-64E7-47D2-ABCB-F8739677BA02}.Release|Any CPU.Build.0 = Release|Any CPU
	EndGlobalSection
	GlobalSection(SolutionProperties) = preSolution
		HideSolutionNode = FALSE
	EndGlobalSection
	GlobalSection(ExtensibilityGlobals) = postSolution
		SolutionGuid = {579F89FF-6729-43A2-BD67-945E69B6AFF8}
	EndGlobalSection
EndGlobal
