
Microsoft Visual Studio Solution File, Format Version 12.00
# Visual Studio Version 17
VisualStudioVersion = 17.13.35825.156 d17.13
MinimumVisualStudioVersion = 10.0.40219.1
Project("{FAE04EC0-301F-11D3-BF4B-00C04F79EFBC}") = "Assignment", "Assignment.csproj", "{70C9378D-92CD-4B8C-8BEF-0EABBF08C37D}"
EndProject
Global
	GlobalSection(SolutionConfigurationPlatforms) = preSolution
		Debug|Any CPU = Debug|Any CPU
		Release|Any CPU = Release|Any CPU
	EndGlobalSection
	GlobalSection(ProjectConfigurationPlatforms) = postSolution
		{70C9378D-92CD-4B8C-8BEF-0EABBF08C37D}.Debug|Any CPU.ActiveCfg = Debug|Any CPU
		{70C9378D-92CD-4B8C-8BEF-0EABBF08C37D}.Debug|Any CPU.Build.0 = Debug|Any CPU
		{70C9378D-92CD-4B8C-8BEF-0EABBF08C37D}.Release|Any CPU.ActiveCfg = Release|Any CPU
		{70C9378D-92CD-4B8C-8BEF-0EABBF08C37D}.Release|Any CPU.Build.0 = Release|Any CPU
	EndGlobalSection
	GlobalSection(SolutionProperties) = preSolution
		HideSolutionNode = FALSE
	EndGlobalSection
	GlobalSection(ExtensibilityGlobals) = postSolution
		SolutionGuid = {A9AA3A34-0728-4D28-A1E1-30D7FED6D758}
	EndGlobalSection
EndGlobal
