
Microsoft Visual Studio Solution File, Format Version 12.00
# Visual Studio Version 17
VisualStudioVersion = 17.13.35825.156 d17.13
MinimumVisualStudioVersion = 10.0.40219.1
Project("{FAE04EC0-301F-11D3-BF4B-00C04F79EFBC}") = "Assignment", "Assignment.csproj", "{AFC2E56B-EED6-4953-BD83-3620435FB2EE}"
EndProject
Global
	GlobalSection(SolutionConfigurationPlatforms) = preSolution
		Debug|Any CPU = Debug|Any CPU
		Release|Any CPU = Release|Any CPU
	EndGlobalSection
	GlobalSection(ProjectConfigurationPlatforms) = postSolution
		{AFC2E56B-EED6-4953-BD83-3620435FB2EE}.Debug|Any CPU.ActiveCfg = Debug|Any CPU
		{AFC2E56B-EED6-4953-BD83-3620435FB2EE}.Debug|Any CPU.Build.0 = Debug|Any CPU
		{AFC2E56B-EED6-4953-BD83-3620435FB2EE}.Release|Any CPU.ActiveCfg = Release|Any CPU
		{AFC2E56B-EED6-4953-BD83-3620435FB2EE}.Release|Any CPU.Build.0 = Release|Any CPU
	EndGlobalSection
	GlobalSection(SolutionProperties) = preSolution
		HideSolutionNode = FALSE
	EndGlobalSection
	GlobalSection(ExtensibilityGlobals) = postSolution
		SolutionGuid = {3CD96F29-B048-4DAA-88E7-009D15800BA9}
	EndGlobalSection
EndGlobal
